
Microsoft Visual Studio Solution File, Format Version 12.00
# Visual Studio Version 17
VisualStudioVersion = 17.4.33122.133
MinimumVisualStudioVersion = 10.0.40219.1
Project("{9A19103F-16F7-4668-BE54-9A1E7A4F7556}") = "VEFTweaks", "VEFTweaks\VEFTweaks.csproj", "{CBB3B84D-2082-43AC-BBF2-44D636E7FED6}"
EndProject
Global
	GlobalSection(SolutionConfigurationPlatforms) = preSolution
		Debug|Any CPU = Debug|Any CPU
		Release|Any CPU = Release|Any CPU
	EndGlobalSection
	GlobalSection(ProjectConfigurationPlatforms) = postSolution
		{CBB3B84D-2082-43AC-BBF2-44D636E7FED6}.Debug|Any CPU.ActiveCfg = Debug|Any CPU
		{CBB3B84D-2082-43AC-BBF2-44D636E7FED6}.Debug|Any CPU.Build.0 = Debug|Any CPU
		{CBB3B84D-2082-43AC-BBF2-44D636E7FED6}.Release|Any CPU.ActiveCfg = Release|Any CPU
		{CBB3B84D-2082-43AC-BBF2-44D636E7FED6}.Release|Any CPU.Build.0 = Release|Any CPU
	EndGlobalSection
	GlobalSection(SolutionProperties) = preSolution
		HideSolutionNode = FALSE
	EndGlobalSection
	GlobalSection(ExtensibilityGlobals) = postSolution
		SolutionGuid = {303848A4-C13D-46F1-9A5B-5F1A5CE76421}
	EndGlobalSection
EndGlobal
